dependencies:
- name: mariadb
  repository: https://charts.bitnami.com/bitnami
  version: 10.2.0
- name: mongodb
  repository: https://charts.bitnami.com/bitnami
  version: 10.30.11
digest: sha256:cd02c692f8fc9c7b8527dbbdb974c5fed21d2db5da5a3dd89766f807a36c5972
generated: "2022-01-06T15:04:24.654752918+01:00"
