dependencies:
- name: mariadb
  repository: https://charts.bitnami.com/bitnami
  version: 13.1.3
- name: mongodb
  repository: https://charts.bitnami.com/bitnami
  version: 14.0.2
digest: sha256:cb2195fb94712c114fa6885f7673d6218e434f98802a1d44adfae7cdb76ad01c
generated: "2023-09-29T21:50:55.905003398+02:00"
