dependencies:
- name: mariadb
  repository: https://charts.bitnami.com/bitnami
  version: 9.3.0
- name: mongodb
  repository: https://charts.bitnami.com/bitnami
  version: 10.12.2
digest: sha256:4340e8d5705bd1e102b2430798bfcedbb7e7259969b71abfc529942f09c10391
generated: "2021-04-11T23:02:33.816229418+02:00"
